
Microsoft Visual Studio Solution File, Format Version 12.00
# Visual Studio Version 16
VisualStudioVersion = 16.0.29403.142
MinimumVisualStudioVersion = 10.0.40219.1
Project("{FAE04EC0-301F-11D3-BF4B-00C04F79EFBC}") = "Counter", "Counter\Counter.csproj", "{140351A1-5370-4FFE-88C5-6F65163EA9DB}"
EndProject
Project("{FAE04EC0-301F-11D3-BF4B-00C04F79EFBC}") = "TemperatureConverter", "TemperatureConverter\TemperatureConverter.csproj", "{F7F5062F-CCAF-4877-9F0F-B600D4C185E6}"
EndProject
Project("{FAE04EC0-301F-11D3-BF4B-00C04F79EFBC}") = "FlightBooker", "FlightBooker\FlightBooker.csproj", "{AC711AC0-990B-487B-80F1-50B76CA0F48E}"
EndProject
Project("{FAE04EC0-301F-11D3-BF4B-00C04F79EFBC}") = "Timer", "Timer\Timer.csproj", "{25E7CDF8-2840-4825-87D5-30034849ABC1}"
EndProject
Project("{FAE04EC0-301F-11D3-BF4B-00C04F79EFBC}") = "Crud", "Crud\Crud.csproj", "{3696DA7C-22E6-41AC-8B65-138EB22A581D}"
EndProject
Global
	GlobalSection(SolutionConfigurationPlatforms) = preSolution
		Debug|ARM = Debug|ARM
		Debug|ARM64 = Debug|ARM64
		Debug|x64 = Debug|x64
		Debug|x86 = Debug|x86
		Release|ARM = Release|ARM
		Release|ARM64 = Release|ARM64
		Release|x64 = Release|x64
		Release|x86 = Release|x86
	EndGlobalSection
	GlobalSection(ProjectConfigurationPlatforms) = postSolution
		{140351A1-5370-4FFE-88C5-6F65163EA9DB}.Debug|ARM.ActiveCfg = Debug|ARM
		{140351A1-5370-4FFE-88C5-6F65163EA9DB}.Debug|ARM.Build.0 = Debug|ARM
		{140351A1-5370-4FFE-88C5-6F65163EA9DB}.Debug|ARM.Deploy.0 = Debug|ARM
		{140351A1-5370-4FFE-88C5-6F65163EA9DB}.Debug|ARM64.ActiveCfg = Debug|ARM64
		{140351A1-5370-4FFE-88C5-6F65163EA9DB}.Debug|ARM64.Build.0 = Debug|ARM64
		{140351A1-5370-4FFE-88C5-6F65163EA9DB}.Debug|ARM64.Deploy.0 = Debug|ARM64
		{140351A1-5370-4FFE-88C5-6F65163EA9DB}.Debug|x64.ActiveCfg = Debug|x64
		{140351A1-5370-4FFE-88C5-6F65163EA9DB}.Debug|x64.Build.0 = Debug|x64
		{140351A1-5370-4FFE-88C5-6F65163EA9DB}.Debug|x64.Deploy.0 = Debug|x64
		{140351A1-5370-4FFE-88C5-6F65163EA9DB}.Debug|x86.ActiveCfg = Debug|x86
		{140351A1-5370-4FFE-88C5-6F65163EA9DB}.Debug|x86.Build.0 = Debug|x86
		{140351A1-5370-4FFE-88C5-6F65163EA9DB}.Debug|x86.Deploy.0 = Debug|x86
		{140351A1-5370-4FFE-88C5-6F65163EA9DB}.Release|ARM.ActiveCfg = Release|ARM
		{140351A1-5370-4FFE-88C5-6F65163EA9DB}.Release|ARM.Build.0 = Release|ARM
		{140351A1-5370-4FFE-88C5-6F65163EA9DB}.Release|ARM.Deploy.0 = Release|ARM
		{140351A1-5370-4FFE-88C5-6F65163EA9DB}.Release|ARM64.ActiveCfg = Release|ARM64
		{140351A1-5370-4FFE-88C5-6F65163EA9DB}.Release|ARM64.Build.0 = Release|ARM64
		{140351A1-5370-4FFE-88C5-6F65163EA9DB}.Release|ARM64.Deploy.0 = Release|ARM64
		{140351A1-5370-4FFE-88C5-6F65163EA9DB}.Release|x64.ActiveCfg = Release|x64
		{140351A1-5370-4FFE-88C5-6F65163EA9DB}.Release|x64.Build.0 = Release|x64
		{140351A1-5370-4FFE-88C5-6F65163EA9DB}.Release|x64.Deploy.0 = Release|x64
		{140351A1-5370-4FFE-88C5-6F65163EA9DB}.Release|x86.ActiveCfg = Release|x86
		{140351A1-5370-4FFE-88C5-6F65163EA9DB}.Release|x86.Build.0 = Release|x86
		{140351A1-5370-4FFE-88C5-6F65163EA9DB}.Release|x86.Deploy.0 = Release|x86
		{F7F5062F-CCAF-4877-9F0F-B600D4C185E6}.Debug|ARM.ActiveCfg = Debug|ARM
		{F7F5062F-CCAF-4877-9F0F-B600D4C185E6}.Debug|ARM.Build.0 = Debug|ARM
		{F7F5062F-CCAF-4877-9F0F-B600D4C185E6}.Debug|ARM.Deploy.0 = Debug|ARM
		{F7F5062F-CCAF-4877-9F0F-B600D4C185E6}.Debug|ARM64.ActiveCfg = Debug|ARM64
		{F7F5062F-CCAF-4877-9F0F-B600D4C185E6}.Debug|ARM64.Build.0 = Debug|ARM64
		{F7F5062F-CCAF-4877-9F0F-B600D4C185E6}.Debug|ARM64.Deploy.0 = Debug|ARM64
		{F7F5062F-CCAF-4877-9F0F-B600D4C185E6}.Debug|x64.ActiveCfg = Debug|x64
		{F7F5062F-CCAF-4877-9F0F-B600D4C185E6}.Debug|x64.Build.0 = Debug|x64
		{F7F5062F-CCAF-4877-9F0F-B600D4C185E6}.Debug|x64.Deploy.0 = Debug|x64
		{F7F5062F-CCAF-4877-9F0F-B600D4C185E6}.Debug|x86.ActiveCfg = Debug|x86
		{F7F5062F-CCAF-4877-9F0F-B600D4C185E6}.Debug|x86.Build.0 = Debug|x86
		{F7F5062F-CCAF-4877-9F0F-B600D4C185E6}.Debug|x86.Deploy.0 = Debug|x86
		{F7F5062F-CCAF-4877-9F0F-B600D4C185E6}.Release|ARM.ActiveCfg = Release|ARM
		{F7F5062F-CCAF-4877-9F0F-B600D4C185E6}.Release|ARM.Build.0 = Release|ARM
		{F7F5062F-CCAF-4877-9F0F-B600D4C185E6}.Release|ARM.Deploy.0 = Release|ARM
		{F7F5062F-CCAF-4877-9F0F-B600D4C185E6}.Release|ARM64.ActiveCfg = Release|ARM64
		{F7F5062F-CCAF-4877-9F0F-B600D4C185E6}.Release|ARM64.Build.0 = Release|ARM64
		{F7F5062F-CCAF-4877-9F0F-B600D4C185E6}.Release|ARM64.Deploy.0 = Release|ARM64
		{F7F5062F-CCAF-4877-9F0F-B600D4C185E6}.Release|x64.ActiveCfg = Release|x64
		{F7F5062F-CCAF-4877-9F0F-B600D4C185E6}.Release|x64.Build.0 = Release|x64
		{F7F5062F-CCAF-4877-9F0F-B600D4C185E6}.Release|x64.Deploy.0 = Release|x64
		{F7F5062F-CCAF-4877-9F0F-B600D4C185E6}.Release|x86.ActiveCfg = Release|x86
		{F7F5062F-CCAF-4877-9F0F-B600D4C185E6}.Release|x86.Build.0 = Release|x86
		{F7F5062F-CCAF-4877-9F0F-B600D4C185E6}.Release|x86.Deploy.0 = Release|x86
		{AC711AC0-990B-487B-80F1-50B76CA0F48E}.Debug|ARM.ActiveCfg = Debug|ARM
		{AC711AC0-990B-487B-80F1-50B76CA0F48E}.Debug|ARM.Build.0 = Debug|ARM
		{AC711AC0-990B-487B-80F1-50B76CA0F48E}.Debug|ARM.Deploy.0 = Debug|ARM
		{AC711AC0-990B-487B-80F1-50B76CA0F48E}.Debug|ARM64.ActiveCfg = Debug|ARM64
		{AC711AC0-990B-487B-80F1-50B76CA0F48E}.Debug|ARM64.Build.0 = Debug|ARM64
		{AC711AC0-990B-487B-80F1-50B76CA0F48E}.Debug|ARM64.Deploy.0 = Debug|ARM64
		{AC711AC0-990B-487B-80F1-50B76CA0F48E}.Debug|x64.ActiveCfg = Debug|x64
		{AC711AC0-990B-487B-80F1-50B76CA0F48E}.Debug|x64.Build.0 = Debug|x64
		{AC711AC0-990B-487B-80F1-50B76CA0F48E}.Debug|x64.Deploy.0 = Debug|x64
		{AC711AC0-990B-487B-80F1-50B76CA0F48E}.Debug|x86.ActiveCfg = Debug|x86
		{AC711AC0-990B-487B-80F1-50B76CA0F48E}.Debug|x86.Build.0 = Debug|x86
		{AC711AC0-990B-487B-80F1-50B76CA0F48E}.Debug|x86.Deploy.0 = Debug|x86
		{AC711AC0-990B-487B-80F1-50B76CA0F48E}.Release|ARM.ActiveCfg = Release|ARM
		{AC711AC0-990B-487B-80F1-50B76CA0F48E}.Release|ARM.Build.0 = Release|ARM
		{AC711AC0-990B-487B-80F1-50B76CA0F48E}.Release|ARM.Deploy.0 = Release|ARM
		{AC711AC0-990B-487B-80F1-50B76CA0F48E}.Release|ARM64.ActiveCfg = Release|ARM64
		{AC711AC0-990B-487B-80F1-50B76CA0F48E}.Release|ARM64.Build.0 = Release|ARM64
		{AC711AC0-990B-487B-80F1-50B76CA0F48E}.Release|ARM64.Deploy.0 = Release|ARM64
		{AC711AC0-990B-487B-80F1-50B76CA0F48E}.Release|x64.ActiveCfg = Release|x64
		{AC711AC0-990B-487B-80F1-50B76CA0F48E}.Release|x64.Build.0 = Release|x64
		{AC711AC0-990B-487B-80F1-50B76CA0F48E}.Release|x64.Deploy.0 = Release|x64
		{AC711AC0-990B-487B-80F1-50B76CA0F48E}.Release|x86.ActiveCfg = Release|x86
		{AC711AC0-990B-487B-80F1-50B76CA0F48E}.Release|x86.Build.0 = Release|x86
		{AC711AC0-990B-487B-80F1-50B76CA0F48E}.Release|x86.Deploy.0 = Release|x86
		{25E7CDF8-2840-4825-87D5-30034849ABC1}.Debug|ARM.ActiveCfg = Debug|ARM
		{25E7CDF8-2840-4825-87D5-30034849ABC1}.Debug|ARM.Build.0 = Debug|ARM
		{25E7CDF8-2840-4825-87D5-30034849ABC1}.Debug|ARM.Deploy.0 = Debug|ARM
		{25E7CDF8-2840-4825-87D5-30034849ABC1}.Debug|ARM64.ActiveCfg = Debug|ARM64
		{25E7CDF8-2840-4825-87D5-30034849ABC1}.Debug|ARM64.Build.0 = Debug|ARM64
		{25E7CDF8-2840-4825-87D5-30034849ABC1}.Debug|ARM64.Deploy.0 = Debug|ARM64
		{25E7CDF8-2840-4825-87D5-30034849ABC1}.Debug|x64.ActiveCfg = Debug|x64
		{25E7CDF8-2840-4825-87D5-30034849ABC1}.Debug|x64.Build.0 = Debug|x64
		{25E7CDF8-2840-4825-87D5-30034849ABC1}.Debug|x64.Deploy.0 = Debug|x64
		{25E7CDF8-2840-4825-87D5-30034849ABC1}.Debug|x86.ActiveCfg = Debug|x86
		{25E7CDF8-2840-4825-87D5-30034849ABC1}.Debug|x86.Build.0 = Debug|x86
		{25E7CDF8-2840-4825-87D5-30034849ABC1}.Debug|x86.Deploy.0 = Debug|x86
		{25E7CDF8-2840-4825-87D5-30034849ABC1}.Release|ARM.ActiveCfg = Release|ARM
		{25E7CDF8-2840-4825-87D5-30034849ABC1}.Release|ARM.Build.0 = Release|ARM
		{25E7CDF8-2840-4825-87D5-30034849ABC1}.Release|ARM.Deploy.0 = Release|ARM
		{25E7CDF8-2840-4825-87D5-30034849ABC1}.Release|ARM64.ActiveCfg = Release|ARM64
		{25E7CDF8-2840-4825-87D5-30034849ABC1}.Release|ARM64.Build.0 = Release|ARM64
		{25E7CDF8-2840-4825-87D5-30034849ABC1}.Release|ARM64.Deploy.0 = Release|ARM64
		{25E7CDF8-2840-4825-87D5-30034849ABC1}.Release|x64.ActiveCfg = Release|x64
		{25E7CDF8-2840-4825-87D5-30034849ABC1}.Release|x64.Build.0 = Release|x64
		{25E7CDF8-2840-4825-87D5-30034849ABC1}.Release|x64.Deploy.0 = Release|x64
		{25E7CDF8-2840-4825-87D5-30034849ABC1}.Release|x86.ActiveCfg = Release|x86
		{25E7CDF8-2840-4825-87D5-30034849ABC1}.Release|x86.Build.0 = Release|x86
		{25E7CDF8-2840-4825-87D5-30034849ABC1}.Release|x86.Deploy.0 = Release|x86
		{3696DA7C-22E6-41AC-8B65-138EB22A581D}.Debug|ARM.ActiveCfg = Debug|ARM
		{3696DA7C-22E6-41AC-8B65-138EB22A581D}.Debug|ARM.Build.0 = Debug|ARM
		{3696DA7C-22E6-41AC-8B65-138EB22A581D}.Debug|ARM.Deploy.0 = Debug|ARM
		{3696DA7C-22E6-41AC-8B65-138EB22A581D}.Debug|ARM64.ActiveCfg = Debug|ARM64
		{3696DA7C-22E6-41AC-8B65-138EB22A581D}.Debug|ARM64.Build.0 = Debug|ARM64
		{3696DA7C-22E6-41AC-8B65-138EB22A581D}.Debug|ARM64.Deploy.0 = Debug|ARM64
		{3696DA7C-22E6-41AC-8B65-138EB22A581D}.Debug|x64.ActiveCfg = Debug|x64
		{3696DA7C-22E6-41AC-8B65-138EB22A581D}.Debug|x64.Build.0 = Debug|x64
		{3696DA7C-22E6-41AC-8B65-138EB22A581D}.Debug|x64.Deploy.0 = Debug|x64
		{3696DA7C-22E6-41AC-8B65-138EB22A581D}.Debug|x86.ActiveCfg = Debug|x86
		{3696DA7C-22E6-41AC-8B65-138EB22A581D}.Debug|x86.Build.0 = Debug|x86
		{3696DA7C-22E6-41AC-8B65-138EB22A581D}.Debug|x86.Deploy.0 = Debug|x86
		{3696DA7C-22E6-41AC-8B65-138EB22A581D}.Release|ARM.ActiveCfg = Release|ARM
		{3696DA7C-22E6-41AC-8B65-138EB22A581D}.Release|ARM.Build.0 = Release|ARM
		{3696DA7C-22E6-41AC-8B65-138EB22A581D}.Release|ARM.Deploy.0 = Release|ARM
		{3696DA7C-22E6-41AC-8B65-138EB22A581D}.Release|ARM64.ActiveCfg = Release|ARM64
		{3696DA7C-22E6-41AC-8B65-138EB22A581D}.Release|ARM64.Build.0 = Release|ARM64
		{3696DA7C-22E6-41AC-8B65-138EB22A581D}.Release|ARM64.Deploy.0 = Release|ARM64
		{3696DA7C-22E6-41AC-8B65-138EB22A581D}.Release|x64.ActiveCfg = Release|x64
		{3696DA7C-22E6-41AC-8B65-138EB22A581D}.Release|x64.Build.0 = Release|x64
		{3696DA7C-22E6-41AC-8B65-138EB22A581D}.Release|x64.Deploy.0 = Release|x64
		{3696DA7C-22E6-41AC-8B65-138EB22A581D}.Release|x86.ActiveCfg = Release|x86
		{3696DA7C-22E6-41AC-8B65-138EB22A581D}.Release|x86.Build.0 = Release|x86
		{3696DA7C-22E6-41AC-8B65-138EB22A581D}.Release|x86.Deploy.0 = Release|x86
	EndGlobalSection
	GlobalSection(SolutionProperties) = preSolution
		HideSolutionNode = FALSE
	EndGlobalSection
	GlobalSection(ExtensibilityGlobals) = postSolution
		SolutionGuid = {3DBE0833-ABD4-4C90-9AC3-074B49F8D8E4}
	EndGlobalSection
EndGlobal
